{
  "name": "Portfolio-Sumit-Ubale",
  "lockfileVersion": 3,
  "requires": true,
  "packages": {
    "": {
      "dependencies": {
        "@imagekit/javascript": "^5.2.1"
      }
    },
    "node_modules/@imagekit/javascript": {
      "version": "5.2.1",
      "resolved": "https://registry.npmjs.org/@imagekit/javascript/-/javascript-5.2.1.tgz",
      "integrity": "sha512-+wGuuDceDhUX9KsMSj806uoRSCVQYG+K530/WIJhrWVxVpzxFEgqHIhExwdOP8QjrRaHr9q/kif3h7X8QP8zrA==",
      "license": "MIT"
    }
  }
}
